
Microsoft Visual Studio Solution File, Format Version 12.00
# Visual Studio Version 17
VisualStudioVersion = 17.5.33516.290
MinimumVisualStudioVersion = 10.0.40219.1
Project("{9A19103F-16F7-4668-BE54-9A1E7A4F7556}") = "GreatCurrency.Web", "src\GreatCurrency.Web\GreatCurrency.Web.csproj", "{EB14566E-3692-40FA-A3E1-61B22E8EC036}"
EndProject
Project("{9A19103F-16F7-4668-BE54-9A1E7A4F7556}") = "GreatCurrency.DAL", "src\GreatCurrency.DAL\GreatCurrency.DAL.csproj", "{A2954C83-8A9F-4B17-BD05-A5D80BBDF6C0}"
EndProject
Project("{9A19103F-16F7-4668-BE54-9A1E7A4F7556}") = "GreatCurrency.BLL", "src\GreatCurrency.BLL\GreatCurrency.BLL.csproj", "{D308E5D8-A979-4E0F-A8DD-B82ED27F3023}"
EndProject
Global
	GlobalSection(SolutionConfigurationPlatforms) = preSolution
		Debug|Any CPU = Debug|Any CPU
		Release|Any CPU = Release|Any CPU
	EndGlobalSection
	GlobalSection(ProjectConfigurationPlatforms) = postSolution
		{EB14566E-3692-40FA-A3E1-61B22E8EC036}.Debug|Any CPU.ActiveCfg = Debug|Any CPU
		{EB14566E-3692-40FA-A3E1-61B22E8EC036}.Debug|Any CPU.Build.0 = Debug|Any CPU
		{EB14566E-3692-40FA-A3E1-61B22E8EC036}.Release|Any CPU.ActiveCfg = Release|Any CPU
		{EB14566E-3692-40FA-A3E1-61B22E8EC036}.Release|Any CPU.Build.0 = Release|Any CPU
		{A2954C83-8A9F-4B17-BD05-A5D80BBDF6C0}.Debug|Any CPU.ActiveCfg = Debug|Any CPU
		{A2954C83-8A9F-4B17-BD05-A5D80BBDF6C0}.Debug|Any CPU.Build.0 = Debug|Any CPU
		{A2954C83-8A9F-4B17-BD05-A5D80BBDF6C0}.Release|Any CPU.ActiveCfg = Release|Any CPU
		{A2954C83-8A9F-4B17-BD05-A5D80BBDF6C0}.Release|Any CPU.Build.0 = Release|Any CPU
		{D308E5D8-A979-4E0F-A8DD-B82ED27F3023}.Debug|Any CPU.ActiveCfg = Debug|Any CPU
		{D308E5D8-A979-4E0F-A8DD-B82ED27F3023}.Debug|Any CPU.Build.0 = Debug|Any CPU
		{D308E5D8-A979-4E0F-A8DD-B82ED27F3023}.Release|Any CPU.ActiveCfg = Release|Any CPU
		{D308E5D8-A979-4E0F-A8DD-B82ED27F3023}.Release|Any CPU.Build.0 = Release|Any CPU
	EndGlobalSection
	GlobalSection(SolutionProperties) = preSolution
		HideSolutionNode = FALSE
	EndGlobalSection
	GlobalSection(ExtensibilityGlobals) = postSolution
		SolutionGuid = {987DD1B7-11D0-4D2A-9C93-BC7E596EE7C2}
	EndGlobalSection
EndGlobal
